// !$*UTF8*$!
{
	archiveVersion = 1;
	classes = {
	};
	objectVersion = 46;
	objects = {

/* Begin PBXBuildFile section */
		91EC40E91C43DFC3009973F4 /* AppDelegate.swift in Sources */ = {isa = PBXBuildFile; fileRef = 91EC40E81C43DFC3009973F4 /* AppDelegate.swift */; };
		91EC40EB1C43DFC3009973F4 /* ViewController.swift in Sources */ = {isa = PBXBuildFile; fileRef = 91EC40EA1C43DFC3009973F4 /* ViewController.swift */; };
		91EC40EE1C43DFC3009973F4 /* Main.storyboard in Resources */ = {isa = PBXBuildFile; fileRef = 91EC40EC1C43DFC3009973F4 /* Main.storyboard */; };
		91EC40F01C43DFC3009973F4 /* Assets.xcassets in Resources */ = {isa = PBXBuildFile; fileRef = 91EC40EF1C43DFC3009973F4 /* Assets.xcassets */; };
		91EC40F31C43DFC3009973F4 /* LaunchScreen.storyboard in Resources */ = {isa = PBXBuildFile; fileRef = 91EC40F11C43DFC3009973F4 /* LaunchScreen.storyboard */; };
		91EC40FF1C43E075009973F4 /* RobotoCondensed-Bold.ttf in Resources */ = {isa = PBXBuildFile; fileRef = 91EC40FC1C43E074009973F4 /* RobotoCondensed-Bold.ttf */; };
		91EC41001C43E075009973F4 /* RobotoCondensed-Regular.ttf in Resources */ = {isa = PBXBuildFile; fileRef = 91EC40FD1C43E074009973F4 /* RobotoCondensed-Regular.ttf */; };
		91EC41011C43E075009973F4 /* RobotoCondensed-Light.ttf in Resources */ = {isa = PBXBuildFile; fileRef = 91EC40FE1C43E074009973F4 /* RobotoCondensed-Light.ttf */; };
		91EC41031C43E143009973F4 /* DatePicker.swift in Sources */ = {isa = PBXBuildFile; fileRef = 91EC41021C43E143009973F4 /* DatePicker.swift */; };
		91EC41051C43E1A3009973F4 /* pugia.swift in Sources */ = {isa = PBXBuildFile; fileRef = 91EC41041C43E1A3009973F4 /* pugia.swift */; };
		91EC410B1C43E1BB009973F4 /* ScrollHandlerCollectionView.swift in Sources */ = {isa = PBXBuildFile; fileRef = 91EC41061C43E1BB009973F4 /* ScrollHandlerCollectionView.swift */; };
		91EC410C1C43E1BB009973F4 /* ScrollCenterCollectionView.swift in Sources */ = {isa = PBXBuildFile; fileRef = 91EC41071C43E1BB009973F4 /* ScrollCenterCollectionView.swift */; };
		91EC410D1C43E1BB009973F4 /* ScrollExternalCollectionView.swift in Sources */ = {isa = PBXBuildFile; fileRef = 91EC41081C43E1BB009973F4 /* ScrollExternalCollectionView.swift */; };
		91EC410E1C43E1BB009973F4 /* ScrollExternalCollectionViewCell.swift in Sources */ = {isa = PBXBuildFile; fileRef = 91EC41091C43E1BB009973F4 /* ScrollExternalCollectionViewCell.swift */; };
		91EC410F1C43E1BB009973F4 /* ScrollCenterCollectionViewCell.swift in Sources */ = {isa = PBXBuildFile; fileRef = 91EC410A1C43E1BB009973F4 /* ScrollCenterCollectionViewCell.swift */; };
/* End PBXBuildFile section */

/* Begin PBXFileReference section */
		91EC40E51C43DFC3009973F4 /* dayversary.app */ = {isa = PBXFileReference; explicitFileType = wrapper.application; includeInIndex = 0; path = dayversary.app; sourceTree = BUILT_PRODUCTS_DIR; };
		91EC40E81C43DFC3009973F4 /* AppDelegate.swift */ = {isa = PBXFileReference; lastKnownFileType = sourcecode.swift; path = AppDelegate.swift; sourceTree = "<group>"; };
		91EC40EA1C43DFC3009973F4 /* ViewController.swift */ = {isa = PBXFileReference; lastKnownFileType = sourcecode.swift; path = ViewController.swift; sourceTree = "<group>"; };
		91EC40ED1C43DFC3009973F4 /* Base */ = {isa = PBXFileReference; lastKnownFileType = file.storyboard; name = Base; path = Base.lproj/Main.storyboard; sourceTree = "<group>"; };
		91EC40EF1C43DFC3009973F4 /* Assets.xcassets */ = {isa = PBXFileReference; lastKnownFileType = folder.assetcatalog; path = Assets.xcassets; sourceTree = "<group>"; };
		91EC40F21C43DFC3009973F4 /* Base */ = {isa = PBXFileReference; lastKnownFileType = file.storyboard; name = Base; path = Base.lproj/LaunchScreen.storyboard; sourceTree = "<group>"; };
		91EC40F41C43DFC3009973F4 /* Info.plist */ = {isa = PBXFileReference; lastKnownFileType = text.plist.xml; path = Info.plist; sourceTree = "<group>"; };
		91EC40FC1C43E074009973F4 /* RobotoCondensed-Bold.ttf */ = {isa = PBXFileReference; lastKnownFileType = file; path = "RobotoCondensed-Bold.ttf"; sourceTree = "<group>"; };
		91EC40FD1C43E074009973F4 /* RobotoCondensed-Regular.ttf */ = {isa = PBXFileReference; lastKnownFileType = file; path = "RobotoCondensed-Regular.ttf"; sourceTree = "<group>"; };
		91EC40FE1C43E074009973F4 /* RobotoCondensed-Light.ttf */ = {isa = PBXFileReference; lastKnownFileType = file; path = "RobotoCondensed-Light.ttf"; sourceTree = "<group>"; };
		91EC41021C43E143009973F4 /* DatePicker.swift */ = {isa = PBXFileReference; fileEncoding = 4; lastKnownFileType = sourcecode.swift; path = DatePicker.swift; sourceTree = "<group>"; };
		91EC41041C43E1A3009973F4 /* pugia.swift */ = {isa = PBXFileReference; fileEncoding = 4; lastKnownFileType = sourcecode.swift; path = pugia.swift; sourceTree = "<group>"; };
		91EC41061C43E1BB009973F4 /* ScrollHandlerCollectionView.swift */ = {isa = PBXFileReference; fileEncoding = 4; lastKnownFileType = sourcecode.swift; path = ScrollHandlerCollectionView.swift; sourceTree = "<group>"; };
		91EC41071C43E1BB009973F4 /* ScrollCenterCollectionView.swift */ = {isa = PBXFileReference; fileEncoding = 4; lastKnownFileType = sourcecode.swift; path = ScrollCenterCollectionView.swift; sourceTree = "<group>"; };
		91EC41081C43E1BB009973F4 /* ScrollExternalCollectionView.swift */ = {isa = PBXFileReference; fileEncoding = 4; lastKnownFileType = sourcecode.swift; path = ScrollExternalCollectionView.swift; sourceTree = "<group>"; };
		91EC41091C43E1BB009973F4 /* ScrollExternalCollectionViewCell.swift */ = {isa = PBXFileReference; fileEncoding = 4; lastKnownFileType = sourcecode.swift; path = ScrollExternalCollectionViewCell.swift; sourceTree = "<group>"; };
		91EC410A1C43E1BB009973F4 /* ScrollCenterCollectionViewCell.swift */ = {isa = PBXFileReference; fileEncoding = 4; lastKnownFileType = sourcecode.swift; path = ScrollCenterCollectionViewCell.swift; sourceTree = "<group>"; };
/* End PBXFileReference section */

/* Begin PBXFrameworksBuildPhase section */
		91EC40E21C43DFC3009973F4 /* Frameworks */ = {
			isa = PBXFrameworksBuildPhase;
			buildActionMask = 2147483647;
			files = (
			);
			runOnlyForDeploymentPostprocessing = 0;
		};
/* End PBXFrameworksBuildPhase section */

/* Begin PBXGroup section */
		91EC40DC1C43DFC3009973F4 = {
			isa = PBXGroup;
			children = (
				91EC40E71C43DFC3009973F4 /* dayversary */,
				91EC40E61C43DFC3009973F4 /* Products */,
			);
			sourceTree = "<group>";
		};
		91EC40E61C43DFC3009973F4 /* Products */ = {
			isa = PBXGroup;
			children = (
				91EC40E51C43DFC3009973F4 /* dayversary.app */,
			);
			name = Products;
			sourceTree = "<group>";
		};
		91EC40E71C43DFC3009973F4 /* dayversary */ = {
			isa = PBXGroup;
			children = (
				91EC40FB1C43DFFE009973F4 /* Elements */,
				91EC40FA1C43DFF4009973F4 /* Externals */,
				91EC40E81C43DFC3009973F4 /* AppDelegate.swift */,
				91EC41021C43E143009973F4 /* DatePicker.swift */,
				91EC40EA1C43DFC3009973F4 /* ViewController.swift */,
				91EC40EC1C43DFC3009973F4 /* Main.storyboard */,
				91EC40EF1C43DFC3009973F4 /* Assets.xcassets */,
				91EC40F11C43DFC3009973F4 /* LaunchScreen.storyboard */,
				91EC40F41C43DFC3009973F4 /* Info.plist */,
			);
			path = dayversary;
			sourceTree = "<group>";
		};
		91EC40FA1C43DFF4009973F4 /* Externals */ = {
			isa = PBXGroup;
			children = (
				91EC41061C43E1BB009973F4 /* ScrollHandlerCollectionView.swift */,
				91EC41071C43E1BB009973F4 /* ScrollCenterCollectionView.swift */,
				91EC41081C43E1BB009973F4 /* ScrollExternalCollectionView.swift */,
				91EC41091C43E1BB009973F4 /* ScrollExternalCollectionViewCell.swift */,
				91EC410A1C43E1BB009973F4 /* ScrollCenterCollectionViewCell.swift */,
			);
			name = Externals;
			sourceTree = "<group>";
		};
		91EC40FB1C43DFFE009973F4 /* Elements */ = {
			isa = PBXGroup;
			children = (
				91EC41041C43E1A3009973F4 /* pugia.swift */,
				91EC40FC1C43E074009973F4 /* RobotoCondensed-Bold.ttf */,
				91EC40FD1C43E074009973F4 /* RobotoCondensed-Regular.ttf */,
				91EC40FE1C43E074009973F4 /* RobotoCondensed-Light.ttf */,
			);
			name = Elements;
			sourceTree = "<group>";
		};
/* End PBXGroup section */

/* Begin PBXNativeTarget section */
		91EC40E41C43DFC3009973F4 /* dayversary */ = {
			isa = PBXNativeTarget;
			buildConfigurationList = 91EC40F71C43DFC3009973F4 /* Build configuration list for PBXNativeTarget "dayversary" */;
			buildPhases = (
				91EC40E11C43DFC3009973F4 /* Sources */,
				91EC40E21C43DFC3009973F4 /* Frameworks */,
				91EC40E31C43DFC3009973F4 /* Resources */,
			);
			buildRules = (
			);
			dependencies = (
			);
			name = dayversary;
			productName = dayversary;
			productReference = 91EC40E51C43DFC3009973F4 /* dayversary.app */;
			productType = "com.apple.product-type.application";
		};
/* End PBXNativeTarget section */

/* Begin PBXProject section */
		91EC40DD1C43DFC3009973F4 /* Project object */ = {
			isa = PBXProject;
			attributes = {
				LastSwiftUpdateCheck = 0720;
				LastUpgradeCheck = 0720;
				ORGANIZATIONNAME = "Marco Pugliese";
				TargetAttributes = {
					91EC40E41C43DFC3009973F4 = {
						CreatedOnToolsVersion = 7.2;
						DevelopmentTeam = V63YGT9MWM;
					};
				};
			};
			buildConfigurationList = 91EC40E01C43DFC3009973F4 /* Build configuration list for PBXProject "dayversary" */;
			compatibilityVersion = "Xcode 3.2";
			developmentRegion = English;
			hasScannedForEncodings = 0;
			knownRegions = (
				en,
				Base,
			);
			mainGroup = 91EC40DC1C43DFC3009973F4;
			productRefGroup = 91EC40E61C43DFC3009973F4 /* Products */;
			projectDirPath = "";
			projectRoot = "";
			targets = (
				91EC40E41C43DFC3009973F4 /* dayversary */,
			);
		};
/* End PBXProject section */

/* Begin PBXResourcesBuildPhase section */
		91EC40E31C43DFC3009973F4 /* Resources */ = {
			isa = PBXResourcesBuildPhase;
			buildActionMask = 2147483647;
			files = (
				91EC40F31C43DFC3009973F4 /* LaunchScreen.storyboard in Resources */,
				91EC40F01C43DFC3009973F4 /* Assets.xcassets in Resources */,
				91EC40FF1C43E075009973F4 /* RobotoCondensed-Bold.ttf in Resources */,
				91EC41001C43E075009973F4 /* RobotoCondensed-Regular.ttf in Resources */,
				91EC41011C43E075009973F4 /* RobotoCondensed-Light.ttf in Resources */,
				91EC40EE1C43DFC3009973F4 /* Main.storyboard in Resources */,
			);
			runOnlyForDeploymentPostprocessing = 0;
		};
/* End PBXResourcesBuildPhase section */

/* Begin PBXSourcesBuildPhase section */
		91EC40E11C43DFC3009973F4 /* Sources */ = {
			isa = PBXSourcesBuildPhase;
			buildActionMask = 2147483647;
			files = (
				91EC41051C43E1A3009973F4 /* pugia.swift in Sources */,
				91EC410D1C43E1BB009973F4 /* ScrollExternalCollectionView.swift in Sources */,
				91EC410E1C43E1BB009973F4 /* ScrollExternalCollectionViewCell.swift in Sources */,
				91EC40EB1C43DFC3009973F4 /* ViewController.swift in Sources */,
				91EC40E91C43DFC3009973F4 /* AppDelegate.swift in Sources */,
				91EC41031C43E143009973F4 /* DatePicker.swift in Sources */,
				91EC410C1C43E1BB009973F4 /* ScrollCenterCollectionView.swift in Sources */,
				91EC410B1C43E1BB009973F4 /* ScrollHandlerCollectionView.swift in Sources */,
				91EC410F1C43E1BB009973F4 /* ScrollCenterCollectionViewCell.swift in Sources */,
			);
			runOnlyForDeploymentPostprocessing = 0;
		};
/* End PBXSourcesBuildPhase section */

/* Begin PBXVariantGroup section */
		91EC40EC1C43DFC3009973F4 /* Main.storyboard */ = {
			isa = PBXVariantGroup;
			children = (
				91EC40ED1C43DFC3009973F4 /* Base */,
			);
			name = Main.storyboard;
			sourceTree = "<group>";
		};
		91EC40F11C43DFC3009973F4 /* LaunchScreen.storyboard */ = {
			isa = PBXVariantGroup;
			children = (
				91EC40F21C43DFC3009973F4 /* Base */,
			);
			name = LaunchScreen.storyboard;
			sourceTree = "<group>";
		};
/* End PBXVariantGroup section */

/* Begin XCBuildConfiguration section */
		91EC40F51C43DFC3009973F4 /* Debug */ = {
			isa = XCBuildConfiguration;
			buildSettings = {
				ALWAYS_SEARCH_USER_PATHS = NO;
				CLANG_CXX_LANGUAGE_STANDARD = "gnu++0x";
				CLANG_CXX_LIBRARY = "libc++";
				CLANG_ENABLE_MODULES = YES;
				CLANG_ENABLE_OBJC_ARC = YES;
				CLANG_WARN_BOOL_CONVERSION = YES;
				CLANG_WARN_CONSTANT_CONVERSION = YES;
				CLANG_WARN_DIRECT_OBJC_ISA_USAGE = YES_ERROR;
				CLANG_WARN_EMPTY_BODY = YES;
				CLANG_WARN_ENUM_CONVERSION = YES;
				CLANG_WARN_INT_CONVERSION = YES;
				CLANG_WARN_OBJC_ROOT_CLASS = YES_ERROR;
				CLANG_WARN_UNREACHABLE_CODE = YES;
				CLANG_WARN__DUPLICATE_METHOD_MATCH = YES;
				"CODE_SIGN_IDENTITY[sdk=iphoneos*]" = "iPhone Developer";
				COPY_PHASE_STRIP = NO;
				DEBUG_INFORMATION_FORMAT = dwarf;
				ENABLE_STRICT_OBJC_MSGSEND = YES;
				ENABLE_TESTABILITY = YES;
				GCC_C_LANGUAGE_STANDARD = gnu99;
				GCC_DYNAMIC_NO_PIC = NO;
				GCC_NO_COMMON_BLOCKS = YES;
				GCC_OPTIMIZATION_LEVEL = 0;
				GCC_PREPROCESSOR_DEFINITIONS = (
					"DEBUG=1",
					"$(inherited)",
				);
				GCC_WARN_64_TO_32_BIT_CONVERSION = YES;
				GCC_WARN_ABOUT_RETURN_TYPE = YES_ERROR;
				GCC_WARN_UNDECLARED_SELECTOR = YES;
				GCC_WARN_UNINITIALIZED_AUTOS = YES_AGGRESSIVE;
				GCC_WARN_UNUSED_FUNCTION = YES;
				GCC_WARN_UNUSED_VARIABLE = YES;
				IPHONEOS_DEPLOYMENT_TARGET = 9.2;
				MTL_ENABLE_DEBUG_INFO = YES;
				ONLY_ACTIVE_ARCH = YES;
				SDKROOT = iphoneos;
				SWIFT_OPTIMIZATION_LEVEL = "-Onone";
			};
			name = Debug;
		};
		91EC40F61C43DFC3009973F4 /* Release */ = {
			isa = XCBuildConfiguration;
			buildSettings = {
				ALWAYS_SEARCH_USER_PATHS = NO;
				CLANG_CXX_LANGUAGE_STANDARD = "gnu++0x";
				CLANG_CXX_LIBRARY = "libc++";
				CLANG_ENABLE_MODULES = YES;
				CLANG_ENABLE_OBJC_ARC = YES;
				CLANG_WARN_BOOL_CONVERSION = YES;
				CLANG_WARN_CONSTANT_CONVERSION = YES;
				CLANG_WARN_DIRECT_OBJC_ISA_USAGE = YES_ERROR;
				CLANG_WARN_EMPTY_BODY = YES;
				CLANG_WARN_ENUM_CONVERSION = YES;
				CLANG_WARN_INT_CONVERSION = YES;
				CLANG_WARN_OBJC_ROOT_CLASS = YES_ERROR;
				CLANG_WARN_UNREACHABLE_CODE = YES;
				CLANG_WARN__DUPLICATE_METHOD_MATCH = YES;
				"CODE_SIGN_IDENTITY[sdk=iphoneos*]" = "iPhone Developer";
				COPY_PHASE_STRIP = NO;
				DEBUG_INFORMATION_FORMAT = "dwarf-with-dsym";
				ENABLE_NS_ASSERTIONS = NO;
				ENABLE_STRICT_OBJC_MSGSEND = YES;
				GCC_C_LANGUAGE_STANDARD = gnu99;
				GCC_NO_COMMON_BLOCKS = YES;
				GCC_WARN_64_TO_32_BIT_CONVERSION = YES;
				GCC_WARN_ABOUT_RETURN_TYPE = YES_ERROR;
				GCC_WARN_UNDECLARED_SELECTOR = YES;
				GCC_WARN_UNINITIALIZED_AUTOS = YES_AGGRESSIVE;
				GCC_WARN_UNUSED_FUNCTION = YES;
				GCC_WARN_UNUSED_VARIABLE = YES;
				IPHONEOS_DEPLOYMENT_TARGET = 9.2;
				MTL_ENABLE_DEBUG_INFO = NO;
				SDKROOT = iphoneos;
				VALIDATE_PRODUCT = YES;
			};
			name = Release;
		};
		91EC40F81C43DFC3009973F4 /* Debug */ = {
			isa = XCBuildConfiguration;
			buildSettings = {
				ASSETCATALOG_COMPILER_APPICON_NAME = AppIcon;
				CODE_SIGN_IDENTITY = "iPhone Developer";
				"CODE_SIGN_IDENTITY[sdk=iphoneos*]" = "iPhone Developer";
				INFOPLIST_FILE = dayversary/Info.plist;
				LD_RUNPATH_SEARCH_PATHS = "$(inherited) @executable_path/Frameworks";
				PRODUCT_BUNDLE_IDENTIFIER = com.pugia.dayversary;
				PRODUCT_NAME = "$(TARGET_NAME)";
				PROVISIONING_PROFILE = "";
			};
			name = Debug;
		};
		91EC40F91C43DFC3009973F4 /* Release */ = {
			isa = XCBuildConfiguration;
			buildSettings = {
				ASSETCATALOG_COMPILER_APPICON_NAME = AppIcon;
				CODE_SIGN_IDENTITY = "iPhone Developer";
				"CODE_SIGN_IDENTITY[sdk=iphoneos*]" = "iPhone Developer";
				INFOPLIST_FILE = dayversary/Info.plist;
				LD_RUNPATH_SEARCH_PATHS = "$(inherited) @executable_path/Frameworks";
				PRODUCT_BUNDLE_IDENTIFIER = com.pugia.dayversary;
				PRODUCT_NAME = "$(TARGET_NAME)";
				PROVISIONING_PROFILE = "";
			};
			name = Release;
		};
/* End XCBuildConfiguration section */

/* Begin XCConfigurationList section */
		91EC40E01C43DFC3009973F4 /* Build configuration list for PBXProject "dayversary" */ = {
			isa = XCConfigurationList;
			buildConfigurations = (
				91EC40F51C43DFC3009973F4 /* Debug */,
				91EC40F61C43DFC3009973F4 /* Release */,
			);
			defaultConfigurationIsVisible = 0;
			defaultConfigurationName = Release;
		};
		91EC40F71C43DFC3009973F4 /* Build configuration list for PBXNativeTarget "dayversary" */ = {
			isa = XCConfigurationList;
			buildConfigurations = (
				91EC40F81C43DFC3009973F4 /* Debug */,
				91EC40F91C43DFC3009973F4 /* Release */,
			);
			defaultConfigurationIsVisible = 0;
		};
/* End XCConfigurationList section */
	};
	rootObject = 91EC40DD1C43DFC3009973F4 /* Project object */;
}
